
Microsoft Visual Studio Solution File, Format Version 12.00
# Visual Studio Version 17
VisualStudioVersion = 17.6.33829.357
MinimumVisualStudioVersion = 10.0.40219.1
Project("{FAE04EC0-301F-11D3-BF4B-00C04F79EFBC}") = "Locks", "Locks\Locks.csproj", "{267BD345-CF52-4E45-88CD-7FA7E1971A97}"
EndProject
Global
	GlobalSection(SolutionConfigurationPlatforms) = preSolution
		Debug|Any CPU = Debug|Any CPU
		Release|Any CPU = Release|Any CPU
	EndGlobalSection
	GlobalSection(ProjectConfigurationPlatforms) = postSolution
		{267BD345-CF52-4E45-88CD-7FA7E1971A97}.Debug|Any CPU.ActiveCfg = Debug|Any CPU
		{267BD345-CF52-4E45-88CD-7FA7E1971A97}.Debug|Any CPU.Build.0 = Debug|Any CPU
		{267BD345-CF52-4E45-88CD-7FA7E1971A97}.Release|Any CPU.ActiveCfg = Release|Any CPU
		{267BD345-CF52-4E45-88CD-7FA7E1971A97}.Release|Any CPU.Build.0 = Release|Any CPU
	EndGlobalSection
	GlobalSection(SolutionProperties) = preSolution
		HideSolutionNode = FALSE
	EndGlobalSection
	GlobalSection(ExtensibilityGlobals) = postSolution
		SolutionGuid = {44CDE022-A096-444D-8DCB-DEFBE3E2EE8F}
	EndGlobalSection
EndGlobal
